
Microsoft Visual Studio Solution File, Format Version 11.00
# Visual Studio 2010
Project("{FAE04EC0-301F-11D3-BF4B-00C04F79EFBC}") = "GESYNDICAT", "GESYNDICAT\GESYNDICAT.csproj", "{7BCED682-8721-422A-8159-CD36B2693F07}"
EndProject
Global
	GlobalSection(SolutionConfigurationPlatforms) = preSolution
		Debug|x86 = Debug|x86
		Release|x86 = Release|x86
	EndGlobalSection
	GlobalSection(ProjectConfigurationPlatforms) = postSolution
		{7BCED682-8721-422A-8159-CD36B2693F07}.Debug|x86.ActiveCfg = Debug|x86
		{7BCED682-8721-422A-8159-CD36B2693F07}.Debug|x86.Build.0 = Debug|x86
		{7BCED682-8721-422A-8159-CD36B2693F07}.Release|x86.ActiveCfg = Release|x86
		{7BCED682-8721-422A-8159-CD36B2693F07}.Release|x86.Build.0 = Release|x86
	EndGlobalSection
	GlobalSection(SolutionProperties) = preSolution
		HideSolutionNode = FALSE
	EndGlobalSection
EndGlobal
